// !$*UTF8*$!
{
	archiveVersion = 1;
	classes = {
	};
	objectVersion = 56;
	objects = {

/* Begin PBXBuildFile section */
		664EBF962B5FD094004AAE13 /* CardStorageService.swift in Sources */ = {isa = PBXBuildFile; fileRef = 664EBF952B5FD094004AAE13 /* CardStorageService.swift */; };
		665F738B2B591AD8005279CD /* GenderResponse.swift in Sources */ = {isa = PBXBuildFile; fileRef = 665F738A2B591AD8005279CD /* GenderResponse.swift */; };
		66689BB42B5BC47300D8C165 /* CardAccountViewModel.swift in Sources */ = {isa = PBXBuildFile; fileRef = 66689BB32B5BC47300D8C165 /* CardAccountViewModel.swift */; };
		66804E202B61994000C407B9 /* ActivityIndicator.swift in Sources */ = {isa = PBXBuildFile; fileRef = 66804E1F2B61994000C407B9 /* ActivityIndicator.swift */; };
		66804E222B6199D900C407B9 /* View+Extension.swift in Sources */ = {isa = PBXBuildFile; fileRef = 66804E212B6199D900C407B9 /* View+Extension.swift */; };
		6691F1B22B58060100465E12 /* CardDetailViewModel.swift in Sources */ = {isa = PBXBuildFile; fileRef = 6691F1B12B58060100465E12 /* CardDetailViewModel.swift */; };
		6691F1B42B5816E800465E12 /* CardDetailWireframe.swift in Sources */ = {isa = PBXBuildFile; fileRef = 6691F1B32B5816E800465E12 /* CardDetailWireframe.swift */; };
		6697CDB42B5A7DED003B8F38 /* String+Extension.swift in Sources */ = {isa = PBXBuildFile; fileRef = 6697CDB32B5A7DED003B8F38 /* String+Extension.swift */; };
		6697CDB62B5AB0AA003B8F38 /* NetworkImageLoader.swift in Sources */ = {isa = PBXBuildFile; fileRef = 6697CDB52B5AB0AA003B8F38 /* NetworkImageLoader.swift */; };
		669BD0BF2B5676E1002375E2 /* AgeResponse.swift in Sources */ = {isa = PBXBuildFile; fileRef = 669BD0BE2B5676E1002375E2 /* AgeResponse.swift */; };
		669BD0C12B568C84002375E2 /* PersonNetworkService.swift in Sources */ = {isa = PBXBuildFile; fileRef = 669BD0C02B568C84002375E2 /* PersonNetworkService.swift */; };
		669BD0C52B569FE1002375E2 /* NationalityResponse.swift in Sources */ = {isa = PBXBuildFile; fileRef = 669BD0C42B569FE1002375E2 /* NationalityResponse.swift */; };
		669BD0D02B572220002375E2 /* CardListWireframe.swift in Sources */ = {isa = PBXBuildFile; fileRef = 669BD0CF2B572220002375E2 /* CardListWireframe.swift */; };
		669F28932B5EBF8D00822D52 /* FileStorageService.swift in Sources */ = {isa = PBXBuildFile; fileRef = 669F28922B5EBF8D00822D52 /* FileStorageService.swift */; };
		66A2E1EB2B5D543800268BA6 /* CardAccountWireframe.swift in Sources */ = {isa = PBXBuildFile; fileRef = 66A2E1EA2B5D543800268BA6 /* CardAccountWireframe.swift */; };
		66A2E1EF2B5D61EB00268BA6 /* ProfileStorageService.swift in Sources */ = {isa = PBXBuildFile; fileRef = 66A2E1EE2B5D61EB00268BA6 /* ProfileStorageService.swift */; };
		66A2F0112B5591A700858008 /* PersonResponse.swift in Sources */ = {isa = PBXBuildFile; fileRef = 66A2F0102B5591A700858008 /* PersonResponse.swift */; };
		66AC605A2B5263C1009BE505 /* CardsApp.swift in Sources */ = {isa = PBXBuildFile; fileRef = 66AC60592B5263C1009BE505 /* CardsApp.swift */; };
		66AC605C2B5263C1009BE505 /* CardListView.swift in Sources */ = {isa = PBXBuildFile; fileRef = 66AC605B2B5263C1009BE505 /* CardListView.swift */; };
		66AC605E2B5263C2009BE505 /* Assets.xcassets in Resources */ = {isa = PBXBuildFile; fileRef = 66AC605D2B5263C2009BE505 /* Assets.xcassets */; };
		66AC60612B5263C2009BE505 /* Preview Assets.xcassets in Resources */ = {isa = PBXBuildFile; fileRef = 66AC60602B5263C2009BE505 /* Preview Assets.xcassets */; };
		66AC60902B5411B3009BE505 /* CardListCell.swift in Sources */ = {isa = PBXBuildFile; fileRef = 66AC60882B5411B3009BE505 /* CardListCell.swift */; };
		66AC60992B54126B009BE505 /* CardAccountView.swift in Sources */ = {isa = PBXBuildFile; fileRef = 66AC60982B54126B009BE505 /* CardAccountView.swift */; };
		66AC609C2B541302009BE505 /* Card.swift in Sources */ = {isa = PBXBuildFile; fileRef = 66AC609B2B541302009BE505 /* Card.swift */; };
		66AC60A02B5416C6009BE505 /* CardTabView.swift in Sources */ = {isa = PBXBuildFile; fileRef = 66AC609F2B5416C6009BE505 /* CardTabView.swift */; };
		66AC60A22B54178A009BE505 /* EmptyCardView.swift in Sources */ = {isa = PBXBuildFile; fileRef = 66AC60A12B54178A009BE505 /* EmptyCardView.swift */; };
		66AC60A42B5419BE009BE505 /* CardDetailView.swift in Sources */ = {isa = PBXBuildFile; fileRef = 66AC60A32B5419BE009BE505 /* CardDetailView.swift */; };
		66AC60A92B542BEE009BE505 /* Alert.swift in Sources */ = {isa = PBXBuildFile; fileRef = 66AC60A82B542BEE009BE505 /* Alert.swift */; };
		66AC60AB2B542BFB009BE505 /* APIError.swift in Sources */ = {isa = PBXBuildFile; fileRef = 66AC60AA2B542BFB009BE505 /* APIError.swift */; };
		66AC60AD2B542C0A009BE505 /* Color+Extension.swift in Sources */ = {isa = PBXBuildFile; fileRef = 66AC60AC2B542C0A009BE505 /* Color+Extension.swift */; };
		66AC60B12B542E8D009BE505 /* CardRemoteImage.swift in Sources */ = {isa = PBXBuildFile; fileRef = 66AC60B02B542E8D009BE505 /* CardRemoteImage.swift */; };
		66AC60B62B543746009BE505 /* CardListViewModel.swift in Sources */ = {isa = PBXBuildFile; fileRef = 66AC60B52B543746009BE505 /* CardListViewModel.swift */; };
		66AC60B82B5462BD009BE505 /* NetworkService.swift in Sources */ = {isa = PBXBuildFile; fileRef = 66AC60B72B5462BD009BE505 /* NetworkService.swift */; };
/* End PBXBuildFile section */

/* Begin PBXFileReference section */
		664EBF952B5FD094004AAE13 /* CardStorageService.swift */ = {isa = PBXFileReference; lastKnownFileType = sourcecode.swift; path = CardStorageService.swift; sourceTree = "<group>"; };
		665F738A2B591AD8005279CD /* GenderResponse.swift */ = {isa = PBXFileReference; lastKnownFileType = sourcecode.swift; path = GenderResponse.swift; sourceTree = "<group>"; };
		66689BB32B5BC47300D8C165 /* CardAccountViewModel.swift */ = {isa = PBXFileReference; lastKnownFileType = sourcecode.swift; path = CardAccountViewModel.swift; sourceTree = "<group>"; };
		66804E1F2B61994000C407B9 /* ActivityIndicator.swift */ = {isa = PBXFileReference; lastKnownFileType = sourcecode.swift; path = ActivityIndicator.swift; sourceTree = "<group>"; };
		66804E212B6199D900C407B9 /* View+Extension.swift */ = {isa = PBXFileReference; lastKnownFileType = sourcecode.swift; path = "View+Extension.swift"; sourceTree = "<group>"; };
		6691F1B12B58060100465E12 /* CardDetailViewModel.swift */ = {isa = PBXFileReference; lastKnownFileType = sourcecode.swift; path = CardDetailViewModel.swift; sourceTree = "<group>"; };
		6691F1B32B5816E800465E12 /* CardDetailWireframe.swift */ = {isa = PBXFileReference; lastKnownFileType = sourcecode.swift; path = CardDetailWireframe.swift; sourceTree = "<group>"; };
		6697CDB32B5A7DED003B8F38 /* String+Extension.swift */ = {isa = PBXFileReference; lastKnownFileType = sourcecode.swift; path = "String+Extension.swift"; sourceTree = "<group>"; };
		6697CDB52B5AB0AA003B8F38 /* NetworkImageLoader.swift */ = {isa = PBXFileReference; lastKnownFileType = sourcecode.swift; path = NetworkImageLoader.swift; sourceTree = "<group>"; };
		669BD0BE2B5676E1002375E2 /* AgeResponse.swift */ = {isa = PBXFileReference; lastKnownFileType = sourcecode.swift; path = AgeResponse.swift; sourceTree = "<group>"; };
		669BD0C02B568C84002375E2 /* PersonNetworkService.swift */ = {isa = PBXFileReference; lastKnownFileType = sourcecode.swift; path = PersonNetworkService.swift; sourceTree = "<group>"; };
		669BD0C42B569FE1002375E2 /* NationalityResponse.swift */ = {isa = PBXFileReference; lastKnownFileType = sourcecode.swift; path = NationalityResponse.swift; sourceTree = "<group>"; };
		669BD0CF2B572220002375E2 /* CardListWireframe.swift */ = {isa = PBXFileReference; lastKnownFileType = sourcecode.swift; path = CardListWireframe.swift; sourceTree = "<group>"; };
		669F28922B5EBF8D00822D52 /* FileStorageService.swift */ = {isa = PBXFileReference; lastKnownFileType = sourcecode.swift; path = FileStorageService.swift; sourceTree = "<group>"; };
		66A2E1EA2B5D543800268BA6 /* CardAccountWireframe.swift */ = {isa = PBXFileReference; lastKnownFileType = sourcecode.swift; path = CardAccountWireframe.swift; sourceTree = "<group>"; };
		66A2E1EE2B5D61EB00268BA6 /* ProfileStorageService.swift */ = {isa = PBXFileReference; lastKnownFileType = sourcecode.swift; path = ProfileStorageService.swift; sourceTree = "<group>"; };
		66A2F0102B5591A700858008 /* PersonResponse.swift */ = {isa = PBXFileReference; lastKnownFileType = sourcecode.swift; path = PersonResponse.swift; sourceTree = "<group>"; };
		66AC60562B5263C1009BE505 /* Cards.app */ = {isa = PBXFileReference; explicitFileType = wrapper.application; includeInIndex = 0; path = Cards.app; sourceTree = BUILT_PRODUCTS_DIR; };
		66AC60592B5263C1009BE505 /* CardsApp.swift */ = {isa = PBXFileReference; lastKnownFileType = sourcecode.swift; path = CardsApp.swift; sourceTree = "<group>"; };
		66AC605B2B5263C1009BE505 /* CardListView.swift */ = {isa = PBXFileReference; lastKnownFileType = sourcecode.swift; path = CardListView.swift; sourceTree = "<group>"; };
		66AC605D2B5263C2009BE505 /* Assets.xcassets */ = {isa = PBXFileReference; lastKnownFileType = folder.assetcatalog; path = Assets.xcassets; sourceTree = "<group>"; };
		66AC60602B5263C2009BE505 /* Preview Assets.xcassets */ = {isa = PBXFileReference; lastKnownFileType = folder.assetcatalog; path = "Preview Assets.xcassets"; sourceTree = "<group>"; };
		66AC60882B5411B3009BE505 /* CardListCell.swift */ = {isa = PBXFileReference; fileEncoding = 4; lastKnownFileType = sourcecode.swift; path = CardListCell.swift; sourceTree = "<group>"; };
		66AC60982B54126B009BE505 /* CardAccountView.swift */ = {isa = PBXFileReference; lastKnownFileType = sourcecode.swift; path = CardAccountView.swift; sourceTree = "<group>"; };
		66AC609B2B541302009BE505 /* Card.swift */ = {isa = PBXFileReference; lastKnownFileType = sourcecode.swift; path = Card.swift; sourceTree = "<group>"; };
		66AC609F2B5416C6009BE505 /* CardTabView.swift */ = {isa = PBXFileReference; fileEncoding = 4; lastKnownFileType = sourcecode.swift; path = CardTabView.swift; sourceTree = "<group>"; };
		66AC60A12B54178A009BE505 /* EmptyCardView.swift */ = {isa = PBXFileReference; lastKnownFileType = sourcecode.swift; path = EmptyCardView.swift; sourceTree = "<group>"; };
		66AC60A32B5419BE009BE505 /* CardDetailView.swift */ = {isa = PBXFileReference; fileEncoding = 4; lastKnownFileType = sourcecode.swift; path = CardDetailView.swift; sourceTree = "<group>"; };
		66AC60A82B542BEE009BE505 /* Alert.swift */ = {isa = PBXFileReference; fileEncoding = 4; lastKnownFileType = sourcecode.swift; path = Alert.swift; sourceTree = "<group>"; };
		66AC60AA2B542BFB009BE505 /* APIError.swift */ = {isa = PBXFileReference; fileEncoding = 4; lastKnownFileType = sourcecode.swift; path = APIError.swift; sourceTree = "<group>"; };
		66AC60AC2B542C0A009BE505 /* Color+Extension.swift */ = {isa = PBXFileReference; fileEncoding = 4; lastKnownFileType = sourcecode.swift; path = "Color+Extension.swift"; sourceTree = "<group>"; };
		66AC60B02B542E8D009BE505 /* CardRemoteImage.swift */ = {isa = PBXFileReference; fileEncoding = 4; lastKnownFileType = sourcecode.swift; path = CardRemoteImage.swift; sourceTree = "<group>"; };
		66AC60B52B543746009BE505 /* CardListViewModel.swift */ = {isa = PBXFileReference; fileEncoding = 4; lastKnownFileType = sourcecode.swift; path = CardListViewModel.swift; sourceTree = "<group>"; };
		66AC60B72B5462BD009BE505 /* NetworkService.swift */ = {isa = PBXFileReference; lastKnownFileType = sourcecode.swift; path = NetworkService.swift; sourceTree = "<group>"; };
/* End PBXFileReference section */

/* Begin PBXFrameworksBuildPhase section */
		66AC60532B5263C1009BE505 /* Frameworks */ = {
			isa = PBXFrameworksBuildPhase;
			buildActionMask = 2147483647;
			files = (
			);
			runOnlyForDeploymentPostprocessing = 0;
		};
/* End PBXFrameworksBuildPhase section */

/* Begin PBXGroup section */
		66316FBB2B6269A300616118 /* ProfileStorageService */ = {
			isa = PBXGroup;
			children = (
				66A2E1EE2B5D61EB00268BA6 /* ProfileStorageService.swift */,
			);
			path = ProfileStorageService;
			sourceTree = "<group>";
		};
		664EBF942B5FD02A004AAE13 /* CardStorageService */ = {
			isa = PBXGroup;
			children = (
				664EBF952B5FD094004AAE13 /* CardStorageService.swift */,
			);
			path = CardStorageService;
			sourceTree = "<group>";
		};
		6691F1B02B5805D800465E12 /* CardDetailView */ = {
			isa = PBXGroup;
			children = (
				66AC60A32B5419BE009BE505 /* CardDetailView.swift */,
				6691F1B12B58060100465E12 /* CardDetailViewModel.swift */,
				6691F1B32B5816E800465E12 /* CardDetailWireframe.swift */,
			);
			path = CardDetailView;
			sourceTree = "<group>";
		};
		66A2E1EC2B5D616E00268BA6 /* NetworkService */ = {
			isa = PBXGroup;
			children = (
				66AC60B72B5462BD009BE505 /* NetworkService.swift */,
				6697CDB52B5AB0AA003B8F38 /* NetworkImageLoader.swift */,
			);
			path = NetworkService;
			sourceTree = "<group>";
		};
		66A2E1ED2B5D61CA00268BA6 /* StorageService */ = {
			isa = PBXGroup;
			children = (
				669F28922B5EBF8D00822D52 /* FileStorageService.swift */,
			);
			path = StorageService;
			sourceTree = "<group>";
		};
		66AC604D2B5263C1009BE505 = {
			isa = PBXGroup;
			children = (
				66AC60582B5263C1009BE505 /* Cards */,
				66AC60572B5263C1009BE505 /* Products */,
			);
			sourceTree = "<group>";
		};
		66AC60572B5263C1009BE505 /* Products */ = {
			isa = PBXGroup;
			children = (
				66AC60562B5263C1009BE505 /* Cards.app */,
			);
			name = Products;
			sourceTree = "<group>";
		};
		66AC60582B5263C1009BE505 /* Cards */ = {
			isa = PBXGroup;
			children = (
				66AC60952B5411FB009BE505 /* Screens */,
				66AC60862B5411B3009BE505 /* Views */,
				66AC609A2B5412F1009BE505 /* Models */,
				66AC60A62B542B1D009BE505 /* Services */,
				66AC60A52B542B00009BE505 /* Extensions */,
				66AC60592B5263C1009BE505 /* CardsApp.swift */,
				66AC605D2B5263C2009BE505 /* Assets.xcassets */,
				66AC605F2B5263C2009BE505 /* Preview Content */,
			);
			path = Cards;
			sourceTree = "<group>";
		};
		66AC605F2B5263C2009BE505 /* Preview Content */ = {
			isa = PBXGroup;
			children = (
				66AC60602B5263C2009BE505 /* Preview Assets.xcassets */,
			);
			path = "Preview Content";
			sourceTree = "<group>";
		};
		66AC60862B5411B3009BE505 /* Views */ = {
			isa = PBXGroup;
			children = (
				66AC60AF2B542E7E009BE505 /* Images */,
				66AC60AE2B542E6C009BE505 /* SubViews */,
				66AC60872B5411B3009BE505 /* Cells */,
			);
			path = Views;
			sourceTree = "<group>";
		};
		66AC60872B5411B3009BE505 /* Cells */ = {
			isa = PBXGroup;
			children = (
				66AC60882B5411B3009BE505 /* CardListCell.swift */,
			);
			path = Cells;
			sourceTree = "<group>";
		};
		66AC60952B5411FB009BE505 /* Screens */ = {
			isa = PBXGroup;
			children = (
				66AC609F2B5416C6009BE505 /* CardTabView.swift */,
				66AC60962B541244009BE505 /* CardListView */,
				6691F1B02B5805D800465E12 /* CardDetailView */,
				66AC60972B54124B009BE505 /* AccountView */,
			);
			path = Screens;
			sourceTree = "<group>";
		};
		66AC60962B541244009BE505 /* CardListView */ = {
			isa = PBXGroup;
			children = (
				66AC605B2B5263C1009BE505 /* CardListView.swift */,
				66AC60B52B543746009BE505 /* CardListViewModel.swift */,
				669BD0CF2B572220002375E2 /* CardListWireframe.swift */,
			);
			path = CardListView;
			sourceTree = "<group>";
		};
		66AC60972B54124B009BE505 /* AccountView */ = {
			isa = PBXGroup;
			children = (
				66AC60982B54126B009BE505 /* CardAccountView.swift */,
				66689BB32B5BC47300D8C165 /* CardAccountViewModel.swift */,
				66A2E1EA2B5D543800268BA6 /* CardAccountWireframe.swift */,
			);
			path = AccountView;
			sourceTree = "<group>";
		};
		66AC609A2B5412F1009BE505 /* Models */ = {
			isa = PBXGroup;
			children = (
				66AC609B2B541302009BE505 /* Card.swift */,
			);
			path = Models;
			sourceTree = "<group>";
		};
		66AC60A52B542B00009BE505 /* Extensions */ = {
			isa = PBXGroup;
			children = (
				66AC60AC2B542C0A009BE505 /* Color+Extension.swift */,
				6697CDB32B5A7DED003B8F38 /* String+Extension.swift */,
				66804E212B6199D900C407B9 /* View+Extension.swift */,
			);
			path = Extensions;
			sourceTree = "<group>";
		};
		66AC60A62B542B1D009BE505 /* Services */ = {
			isa = PBXGroup;
			children = (
				66A2E1ED2B5D61CA00268BA6 /* StorageService */,
				664EBF942B5FD02A004AAE13 /* CardStorageService */,
				66316FBB2B6269A300616118 /* ProfileStorageService */,
				66A2E1EC2B5D616E00268BA6 /* NetworkService */,
				66AC60B22B5430DE009BE505 /* PersonNetworkService */,
			);
			path = Services;
			sourceTree = "<group>";
		};
		66AC60A72B542B31009BE505 /* Alerts */ = {
			isa = PBXGroup;
			children = (
				66AC60A82B542BEE009BE505 /* Alert.swift */,
				66AC60AA2B542BFB009BE505 /* APIError.swift */,
			);
			path = Alerts;
			sourceTree = "<group>";
		};
		66AC60AE2B542E6C009BE505 /* SubViews */ = {
			isa = PBXGroup;
			children = (
				66AC60A12B54178A009BE505 /* EmptyCardView.swift */,
				66804E1F2B61994000C407B9 /* ActivityIndicator.swift */,
			);
			path = SubViews;
			sourceTree = "<group>";
		};
		66AC60AF2B542E7E009BE505 /* Images */ = {
			isa = PBXGroup;
			children = (
				66AC60B02B542E8D009BE505 /* CardRemoteImage.swift */,
			);
			path = Images;
			sourceTree = "<group>";
		};
		66AC60B22B5430DE009BE505 /* PersonNetworkService */ = {
			isa = PBXGroup;
			children = (
				669BD0C02B568C84002375E2 /* PersonNetworkService.swift */,
				66CCB1722B5955B6008214B2 /* NetworkModels */,
				66AC60A72B542B31009BE505 /* Alerts */,
			);
			path = PersonNetworkService;
			sourceTree = "<group>";
		};
		66CCB1722B5955B6008214B2 /* NetworkModels */ = {
			isa = PBXGroup;
			children = (
				66A2F0102B5591A700858008 /* PersonResponse.swift */,
				669BD0BE2B5676E1002375E2 /* AgeResponse.swift */,
				669BD0C42B569FE1002375E2 /* NationalityResponse.swift */,
				665F738A2B591AD8005279CD /* GenderResponse.swift */,
			);
			path = NetworkModels;
			sourceTree = "<group>";
		};
/* End PBXGroup section */

/* Begin PBXNativeTarget section */
		66AC60552B5263C1009BE505 /* Cards */ = {
			isa = PBXNativeTarget;
			buildConfigurationList = 66AC60642B5263C2009BE505 /* Build configuration list for PBXNativeTarget "Cards" */;
			buildPhases = (
				66AC60522B5263C1009BE505 /* Sources */,
				66AC60532B5263C1009BE505 /* Frameworks */,
				66AC60542B5263C1009BE505 /* Resources */,
			);
			buildRules = (
			);
			dependencies = (
			);
			name = Cards;
			productName = Cards;
			productReference = 66AC60562B5263C1009BE505 /* Cards.app */;
			productType = "com.apple.product-type.application";
		};
/* End PBXNativeTarget section */

/* Begin PBXProject section */
		66AC604E2B5263C1009BE505 /* Project object */ = {
			isa = PBXProject;
			attributes = {
				BuildIndependentTargetsInParallel = 1;
				LastSwiftUpdateCheck = 1510;
				LastUpgradeCheck = 1510;
				TargetAttributes = {
					66AC60552B5263C1009BE505 = {
						CreatedOnToolsVersion = 15.1;
					};
				};
			};
			buildConfigurationList = 66AC60512B5263C1009BE505 /* Build configuration list for PBXProject "Cards" */;
			compatibilityVersion = "Xcode 14.0";
			developmentRegion = en;
			hasScannedForEncodings = 0;
			knownRegions = (
				en,
				Base,
			);
			mainGroup = 66AC604D2B5263C1009BE505;
			productRefGroup = 66AC60572B5263C1009BE505 /* Products */;
			projectDirPath = "";
			projectRoot = "";
			targets = (
				66AC60552B5263C1009BE505 /* Cards */,
			);
		};
/* End PBXProject section */

/* Begin PBXResourcesBuildPhase section */
		66AC60542B5263C1009BE505 /* Resources */ = {
			isa = PBXResourcesBuildPhase;
			buildActionMask = 2147483647;
			files = (
				66AC60612B5263C2009BE505 /* Preview Assets.xcassets in Resources */,
				66AC605E2B5263C2009BE505 /* Assets.xcassets in Resources */,
			);
			runOnlyForDeploymentPostprocessing = 0;
		};
/* End PBXResourcesBuildPhase section */

/* Begin PBXSourcesBuildPhase section */
		66AC60522B5263C1009BE505 /* Sources */ = {
			isa = PBXSourcesBuildPhase;
			buildActionMask = 2147483647;
			files = (
				669BD0D02B572220002375E2 /* CardListWireframe.swift in Sources */,
				669BD0C12B568C84002375E2 /* PersonNetworkService.swift in Sources */,
				6697CDB42B5A7DED003B8F38 /* String+Extension.swift in Sources */,
				669BD0C52B569FE1002375E2 /* NationalityResponse.swift in Sources */,
				669BD0BF2B5676E1002375E2 /* AgeResponse.swift in Sources */,
				66AC605C2B5263C1009BE505 /* CardListView.swift in Sources */,
				66AC609C2B541302009BE505 /* Card.swift in Sources */,
				66AC60A22B54178A009BE505 /* EmptyCardView.swift in Sources */,
				6691F1B22B58060100465E12 /* CardDetailViewModel.swift in Sources */,
				66AC60992B54126B009BE505 /* CardAccountView.swift in Sources */,
				669F28932B5EBF8D00822D52 /* FileStorageService.swift in Sources */,
				66AC60AB2B542BFB009BE505 /* APIError.swift in Sources */,
				66AC60A42B5419BE009BE505 /* CardDetailView.swift in Sources */,
				66AC60B12B542E8D009BE505 /* CardRemoteImage.swift in Sources */,
				66AC60A02B5416C6009BE505 /* CardTabView.swift in Sources */,
				6697CDB62B5AB0AA003B8F38 /* NetworkImageLoader.swift in Sources */,
				66804E202B61994000C407B9 /* ActivityIndicator.swift in Sources */,
				66689BB42B5BC47300D8C165 /* CardAccountViewModel.swift in Sources */,
				66A2E1EB2B5D543800268BA6 /* CardAccountWireframe.swift in Sources */,
				66804E222B6199D900C407B9 /* View+Extension.swift in Sources */,
				66AC60B82B5462BD009BE505 /* NetworkService.swift in Sources */,
				66A2E1EF2B5D61EB00268BA6 /* ProfileStorageService.swift in Sources */,
				665F738B2B591AD8005279CD /* GenderResponse.swift in Sources */,
				66AC605A2B5263C1009BE505 /* CardsApp.swift in Sources */,
				66AC60902B5411B3009BE505 /* CardListCell.swift in Sources */,
				66AC60A92B542BEE009BE505 /* Alert.swift in Sources */,
				66AC60B62B543746009BE505 /* CardListViewModel.swift in Sources */,
				66A2F0112B5591A700858008 /* PersonResponse.swift in Sources */,
				664EBF962B5FD094004AAE13 /* CardStorageService.swift in Sources */,
				66AC60AD2B542C0A009BE505 /* Color+Extension.swift in Sources */,
				6691F1B42B5816E800465E12 /* CardDetailWireframe.swift in Sources */,
			);
			runOnlyForDeploymentPostprocessing = 0;
		};
/* End PBXSourcesBuildPhase section */

/* Begin XCBuildConfiguration section */
		66AC60622B5263C2009BE505 /* Debug */ = {
			isa = XCBuildConfiguration;
			buildSettings = {
				ALWAYS_SEARCH_USER_PATHS = NO;
				ASSETCATALOG_COMPILER_GENERATE_SWIFT_ASSET_SYMBOL_EXTENSIONS = YES;
				CLANG_ANALYZER_NONNULL = YES;
				CLANG_ANALYZER_NUMBER_OBJECT_CONVERSION = YES_AGGRESSIVE;
				CLANG_CXX_LANGUAGE_STANDARD = "gnu++20";
				CLANG_ENABLE_MODULES = YES;
				CLANG_ENABLE_OBJC_ARC = YES;
				CLANG_ENABLE_OBJC_WEAK = YES;
				CLANG_WARN_BLOCK_CAPTURE_AUTORELEASING = YES;
				CLANG_WARN_BOOL_CONVERSION = YES;
				CLANG_WARN_COMMA = YES;
				CLANG_WARN_CONSTANT_CONVERSION = YES;
				CLANG_WARN_DEPRECATED_OBJC_IMPLEMENTATIONS = YES;
				CLANG_WARN_DIRECT_OBJC_ISA_USAGE = YES_ERROR;
				CLANG_WARN_DOCUMENTATION_COMMENTS = YES;
				CLANG_WARN_EMPTY_BODY = YES;
				CLANG_WARN_ENUM_CONVERSION = YES;
				CLANG_WARN_INFINITE_RECURSION = YES;
				CLANG_WARN_INT_CONVERSION = YES;
				CLANG_WARN_NON_LITERAL_NULL_CONVERSION = YES;
				CLANG_WARN_OBJC_IMPLICIT_RETAIN_SELF = YES;
				CLANG_WARN_OBJC_LITERAL_CONVERSION = YES;
				CLANG_WARN_OBJC_ROOT_CLASS = YES_ERROR;
				CLANG_WARN_QUOTED_INCLUDE_IN_FRAMEWORK_HEADER = YES;
				CLANG_WARN_RANGE_LOOP_ANALYSIS = YES;
				CLANG_WARN_STRICT_PROTOTYPES = YES;
				CLANG_WARN_SUSPICIOUS_MOVE = YES;
				CLANG_WARN_UNGUARDED_AVAILABILITY = YES_AGGRESSIVE;
				CLANG_WARN_UNREACHABLE_CODE = YES;
				CLANG_WARN__DUPLICATE_METHOD_MATCH = YES;
				COPY_PHASE_STRIP = NO;
				DEBUG_INFORMATION_FORMAT = dwarf;
				ENABLE_STRICT_OBJC_MSGSEND = YES;
				ENABLE_TESTABILITY = YES;
				ENABLE_USER_SCRIPT_SANDBOXING = YES;
				GCC_C_LANGUAGE_STANDARD = gnu17;
				GCC_DYNAMIC_NO_PIC = NO;
				GCC_NO_COMMON_BLOCKS = YES;
				GCC_OPTIMIZATION_LEVEL = 0;
				GCC_PREPROCESSOR_DEFINITIONS = (
					"DEBUG=1",
					"$(inherited)",
				);
				GCC_WARN_64_TO_32_BIT_CONVERSION = YES;
				GCC_WARN_ABOUT_RETURN_TYPE = YES_ERROR;
				GCC_WARN_UNDECLARED_SELECTOR = YES;
				GCC_WARN_UNINITIALIZED_AUTOS = YES_AGGRESSIVE;
				GCC_WARN_UNUSED_FUNCTION = YES;
				GCC_WARN_UNUSED_VARIABLE = YES;
				IPHONEOS_DEPLOYMENT_TARGET = 14.1;
				LOCALIZATION_PREFERS_STRING_CATALOGS = YES;
				MTL_ENABLE_DEBUG_INFO = INCLUDE_SOURCE;
				MTL_FAST_MATH = YES;
				ONLY_ACTIVE_ARCH = YES;
				SDKROOT = iphoneos;
				SWIFT_ACTIVE_COMPILATION_CONDITIONS = "DEBUG $(inherited)";
				SWIFT_OPTIMIZATION_LEVEL = "-Onone";
			};
			name = Debug;
		};
		66AC60632B5263C2009BE505 /* Release */ = {
			isa = XCBuildConfiguration;
			buildSettings = {
				ALWAYS_SEARCH_USER_PATHS = NO;
				ASSETCATALOG_COMPILER_GENERATE_SWIFT_ASSET_SYMBOL_EXTENSIONS = YES;
				CLANG_ANALYZER_NONNULL = YES;
				CLANG_ANALYZER_NUMBER_OBJECT_CONVERSION = YES_AGGRESSIVE;
				CLANG_CXX_LANGUAGE_STANDARD = "gnu++20";
				CLANG_ENABLE_MODULES = YES;
				CLANG_ENABLE_OBJC_ARC = YES;
				CLANG_ENABLE_OBJC_WEAK = YES;
				CLANG_WARN_BLOCK_CAPTURE_AUTORELEASING = YES;
				CLANG_WARN_BOOL_CONVERSION = YES;
				CLANG_WARN_COMMA = YES;
				CLANG_WARN_CONSTANT_CONVERSION = YES;
				CLANG_WARN_DEPRECATED_OBJC_IMPLEMENTATIONS = YES;
				CLANG_WARN_DIRECT_OBJC_ISA_USAGE = YES_ERROR;
				CLANG_WARN_DOCUMENTATION_COMMENTS = YES;
				CLANG_WARN_EMPTY_BODY = YES;
				CLANG_WARN_ENUM_CONVERSION = YES;
				CLANG_WARN_INFINITE_RECURSION = YES;
				CLANG_WARN_INT_CONVERSION = YES;
				CLANG_WARN_NON_LITERAL_NULL_CONVERSION = YES;
				CLANG_WARN_OBJC_IMPLICIT_RETAIN_SELF = YES;
				CLANG_WARN_OBJC_LITERAL_CONVERSION = YES;
				CLANG_WARN_OBJC_ROOT_CLASS = YES_ERROR;
				CLANG_WARN_QUOTED_INCLUDE_IN_FRAMEWORK_HEADER = YES;
				CLANG_WARN_RANGE_LOOP_ANALYSIS = YES;
				CLANG_WARN_STRICT_PROTOTYPES = YES;
				CLANG_WARN_SUSPICIOUS_MOVE = YES;
				CLANG_WARN_UNGUARDED_AVAILABILITY = YES_AGGRESSIVE;
				CLANG_WARN_UNREACHABLE_CODE = YES;
				CLANG_WARN__DUPLICATE_METHOD_MATCH = YES;
				COPY_PHASE_STRIP = NO;
				DEBUG_INFORMATION_FORMAT = "dwarf-with-dsym";
				ENABLE_NS_ASSERTIONS = NO;
				ENABLE_STRICT_OBJC_MSGSEND = YES;
				ENABLE_USER_SCRIPT_SANDBOXING = YES;
				GCC_C_LANGUAGE_STANDARD = gnu17;
				GCC_NO_COMMON_BLOCKS = YES;
				GCC_WARN_64_TO_32_BIT_CONVERSION = YES;
				GCC_WARN_ABOUT_RETURN_TYPE = YES_ERROR;
				GCC_WARN_UNDECLARED_SELECTOR = YES;
				GCC_WARN_UNINITIALIZED_AUTOS = YES_AGGRESSIVE;
				GCC_WARN_UNUSED_FUNCTION = YES;
				GCC_WARN_UNUSED_VARIABLE = YES;
				IPHONEOS_DEPLOYMENT_TARGET = 14.1;
				LOCALIZATION_PREFERS_STRING_CATALOGS = YES;
				MTL_ENABLE_DEBUG_INFO = NO;
				MTL_FAST_MATH = YES;
				SDKROOT = iphoneos;
				SWIFT_COMPILATION_MODE = wholemodule;
				VALIDATE_PRODUCT = YES;
			};
			name = Release;
		};
		66AC60652B5263C2009BE505 /* Debug */ = {
			isa = XCBuildConfiguration;
			buildSettings = {
				ASSETCATALOG_COMPILER_APPICON_NAME = AppIcon;
				ASSETCATALOG_COMPILER_GLOBAL_ACCENT_COLOR_NAME = AccentColor;
				CODE_SIGN_STYLE = Automatic;
				CURRENT_PROJECT_VERSION = 1;
				DEVELOPMENT_ASSET_PATHS = "\"Cards/Preview Content\"";
				DEVELOPMENT_TEAM = WK3Q2J5S3B;
				ENABLE_PREVIEWS = YES;
				GENERATE_INFOPLIST_FILE = YES;
				INFOPLIST_KEY_UIApplicationSceneManifest_Generation = YES;
				INFOPLIST_KEY_UIApplicationSupportsIndirectInputEvents = YES;
				INFOPLIST_KEY_UILaunchScreen_Generation = YES;
				INFOPLIST_KEY_UISupportedInterfaceOrientations_iPad = "UIInterfaceOrientationPortrait UIInterfaceOrientationPortraitUpsideDown UIInterfaceOrientationLandscapeLeft UIInterfaceOrientationLandscapeRight";
				INFOPLIST_KEY_UISupportedInterfaceOrientations_iPhone = "UIInterfaceOrientationPortrait UIInterfaceOrientationLandscapeLeft UIInterfaceOrientationLandscapeRight";
				IPHONEOS_DEPLOYMENT_TARGET = 14.1;
				LD_RUNPATH_SEARCH_PATHS = (
					"$(inherited)",
					"@executable_path/Frameworks",
				);
				MARKETING_VERSION = 1.0;
				PRODUCT_BUNDLE_IDENTIFIER = adamWestCost.Cards;
				PRODUCT_NAME = "$(TARGET_NAME)";
				SWIFT_EMIT_LOC_STRINGS = YES;
				SWIFT_VERSION = 5.0;
				TARGETED_DEVICE_FAMILY = "1,2";
			};
			name = Debug;
		};
		66AC60662B5263C2009BE505 /* Release */ = {
			isa = XCBuildConfiguration;
			buildSettings = {
				ASSETCATALOG_COMPILER_APPICON_NAME = AppIcon;
				ASSETCATALOG_COMPILER_GLOBAL_ACCENT_COLOR_NAME = AccentColor;
				CODE_SIGN_STYLE = Automatic;
				CURRENT_PROJECT_VERSION = 1;
				DEVELOPMENT_ASSET_PATHS = "\"Cards/Preview Content\"";
				DEVELOPMENT_TEAM = WK3Q2J5S3B;
				ENABLE_PREVIEWS = YES;
				GENERATE_INFOPLIST_FILE = YES;
				INFOPLIST_KEY_UIApplicationSceneManifest_Generation = YES;
				INFOPLIST_KEY_UIApplicationSupportsIndirectInputEvents = YES;
				INFOPLIST_KEY_UILaunchScreen_Generation = YES;
				INFOPLIST_KEY_UISupportedInterfaceOrientations_iPad = "UIInterfaceOrientationPortrait UIInterfaceOrientationPortraitUpsideDown UIInterfaceOrientationLandscapeLeft UIInterfaceOrientationLandscapeRight";
				INFOPLIST_KEY_UISupportedInterfaceOrientations_iPhone = "UIInterfaceOrientationPortrait UIInterfaceOrientationLandscapeLeft UIInterfaceOrientationLandscapeRight";
				IPHONEOS_DEPLOYMENT_TARGET = 14.1;
				LD_RUNPATH_SEARCH_PATHS = (
					"$(inherited)",
					"@executable_path/Frameworks",
				);
				MARKETING_VERSION = 1.0;
				PRODUCT_BUNDLE_IDENTIFIER = adamWestCost.Cards;
				PRODUCT_NAME = "$(TARGET_NAME)";
				SWIFT_EMIT_LOC_STRINGS = YES;
				SWIFT_VERSION = 5.0;
				TARGETED_DEVICE_FAMILY = "1,2";
			};
			name = Release;
		};
/* End XCBuildConfiguration section */

/* Begin XCConfigurationList section */
		66AC60512B5263C1009BE505 /* Build configuration list for PBXProject "Cards" */ = {
			isa = XCConfigurationList;
			buildConfigurations = (
				66AC60622B5263C2009BE505 /* Debug */,
				66AC60632B5263C2009BE505 /* Release */,
			);
			defaultConfigurationIsVisible = 0;
			defaultConfigurationName = Release;
		};
		66AC60642B5263C2009BE505 /* Build configuration list for PBXNativeTarget "Cards" */ = {
			isa = XCConfigurationList;
			buildConfigurations = (
				66AC60652B5263C2009BE505 /* Debug */,
				66AC60662B5263C2009BE505 /* Release */,
			);
			defaultConfigurationIsVisible = 0;
			defaultConfigurationName = Release;
		};
/* End XCConfigurationList section */
	};
	rootObject = 66AC604E2B5263C1009BE505 /* Project object */;
}
